
Microsoft Visual Studio Solution File, Format Version 12.00
# Visual Studio Version 17
VisualStudioVersion = 17.7.33808.371
MinimumVisualStudioVersion = 10.0.40219.1
Project("{FAE04EC0-301F-11D3-BF4B-00C04F79EFBC}") = "Queue-Storage", "Queue-Storage\Queue-Storage.csproj", "{00DC7A8B-2FF5-4E42-9664-4E57A319450C}"
EndProject
Global
	GlobalSection(SolutionConfigurationPlatforms) = preSolution
		Debug|Any CPU = Debug|Any CPU
		Release|Any CPU = Release|Any CPU
	EndGlobalSection
	GlobalSection(ProjectConfigurationPlatforms) = postSolution
		{00DC7A8B-2FF5-4E42-9664-4E57A319450C}.Debug|Any CPU.ActiveCfg = Debug|Any CPU
		{00DC7A8B-2FF5-4E42-9664-4E57A319450C}.Debug|Any CPU.Build.0 = Debug|Any CPU
		{00DC7A8B-2FF5-4E42-9664-4E57A319450C}.Release|Any CPU.ActiveCfg = Release|Any CPU
		{00DC7A8B-2FF5-4E42-9664-4E57A319450C}.Release|Any CPU.Build.0 = Release|Any CPU
	EndGlobalSection
	GlobalSection(SolutionProperties) = preSolution
		HideSolutionNode = FALSE
	EndGlobalSection
	GlobalSection(ExtensibilityGlobals) = postSolution
		SolutionGuid = {F1E75F36-35E3-4416-B30A-D6441F3D3D49}
	EndGlobalSection
EndGlobal
